// !$*UTF8*$!
{
	archiveVersion = 1;
	classes = {
	};
	objectVersion = 56;
	objects = {

/* Begin PBXBuildFile section */
		A40B77502C05ABDD00F3949A /* AppDelegate.swift in Sources */ = {isa = PBXBuildFile; fileRef = A40B774F2C05ABDD00F3949A /* AppDelegate.swift */; };
		A40B77522C05ABDD00F3949A /* SceneDelegate.swift in Sources */ = {isa = PBXBuildFile; fileRef = A40B77512C05ABDD00F3949A /* SceneDelegate.swift */; };
		A40B77542C05ABDD00F3949A /* ViewController.swift in Sources */ = {isa = PBXBuildFile; fileRef = A40B77532C05ABDD00F3949A /* ViewController.swift */; };
		A40B77572C05ABDD00F3949A /* Base in Resources */ = {isa = PBXBuildFile; fileRef = A40B77562C05ABDD00F3949A /* Base */; };
		A40B77592C05ABDE00F3949A /* Assets.xcassets in Resources */ = {isa = PBXBuildFile; fileRef = A40B77582C05ABDE00F3949A /* Assets.xcassets */; };
		A40B775C2C05ABDE00F3949A /* Base in Resources */ = {isa = PBXBuildFile; fileRef = A40B775B2C05ABDE00F3949A /* Base */; };
		A40B77642C05B44C00F3949A /* Character.swift in Sources */ = {isa = PBXBuildFile; fileRef = A40B77632C05B44C00F3949A /* Character.swift */; };
		A40B77692C05B91800F3949A /* Characters.json in Resources */ = {isa = PBXBuildFile; fileRef = A40B77682C05B91800F3949A /* Characters.json */; };
		A40B776B2C05BA3400F3949A /* CharacterDecoder.swift in Sources */ = {isa = PBXBuildFile; fileRef = A40B776A2C05BA3400F3949A /* CharacterDecoder.swift */; };
/* End PBXBuildFile section */

/* Begin PBXFileReference section */
		A40B774C2C05ABDD00F3949A /* learn_data.app */ = {isa = PBXFileReference; explicitFileType = wrapper.application; includeInIndex = 0; path = learn_data.app; sourceTree = BUILT_PRODUCTS_DIR; };
		A40B774F2C05ABDD00F3949A /* AppDelegate.swift */ = {isa = PBXFileReference; lastKnownFileType = sourcecode.swift; path = AppDelegate.swift; sourceTree = "<group>"; };
		A40B77512C05ABDD00F3949A /* SceneDelegate.swift */ = {isa = PBXFileReference; lastKnownFileType = sourcecode.swift; path = SceneDelegate.swift; sourceTree = "<group>"; };
		A40B77532C05ABDD00F3949A /* ViewController.swift */ = {isa = PBXFileReference; lastKnownFileType = sourcecode.swift; path = ViewController.swift; sourceTree = "<group>"; };
		A40B77562C05ABDD00F3949A /* Base */ = {isa = PBXFileReference; lastKnownFileType = file.storyboard; name = Base; path = Base.lproj/Main.storyboard; sourceTree = "<group>"; };
		A40B77582C05ABDE00F3949A /* Assets.xcassets */ = {isa = PBXFileReference; lastKnownFileType = folder.assetcatalog; path = Assets.xcassets; sourceTree = "<group>"; };
		A40B775B2C05ABDE00F3949A /* Base */ = {isa = PBXFileReference; lastKnownFileType = file.storyboard; name = Base; path = Base.lproj/LaunchScreen.storyboard; sourceTree = "<group>"; };
		A40B775D2C05ABDE00F3949A /* Info.plist */ = {isa = PBXFileReference; lastKnownFileType = text.plist.xml; path = Info.plist; sourceTree = "<group>"; };
		A40B77632C05B44C00F3949A /* Character.swift */ = {isa = PBXFileReference; lastKnownFileType = sourcecode.swift; path = Character.swift; sourceTree = "<group>"; };
		A40B77682C05B91800F3949A /* Characters.json */ = {isa = PBXFileReference; lastKnownFileType = text.json; path = Characters.json; sourceTree = "<group>"; };
		A40B776A2C05BA3400F3949A /* CharacterDecoder.swift */ = {isa = PBXFileReference; lastKnownFileType = sourcecode.swift; path = CharacterDecoder.swift; sourceTree = "<group>"; };
/* End PBXFileReference section */

/* Begin PBXFrameworksBuildPhase section */
		A40B77492C05ABDD00F3949A /* Frameworks */ = {
			isa = PBXFrameworksBuildPhase;
			buildActionMask = 2147483647;
			files = (
			);
			runOnlyForDeploymentPostprocessing = 0;
		};
/* End PBXFrameworksBuildPhase section */

/* Begin PBXGroup section */
		A40B77432C05ABDD00F3949A = {
			isa = PBXGroup;
			children = (
				A40B774E2C05ABDD00F3949A /* learn_data */,
				A40B774D2C05ABDD00F3949A /* Products */,
			);
			sourceTree = "<group>";
		};
		A40B774D2C05ABDD00F3949A /* Products */ = {
			isa = PBXGroup;
			children = (
				A40B774C2C05ABDD00F3949A /* learn_data.app */,
			);
			name = Products;
			sourceTree = "<group>";
		};
		A40B774E2C05ABDD00F3949A /* learn_data */ = {
			isa = PBXGroup;
			children = (
				A40B776C2C05BB3800F3949A /* Utility */,
				A40B77662C05B8DB00F3949A /* Resources */,
				A40B77652C05B45800F3949A /* Model */,
				A40B774F2C05ABDD00F3949A /* AppDelegate.swift */,
				A40B77512C05ABDD00F3949A /* SceneDelegate.swift */,
				A40B77532C05ABDD00F3949A /* ViewController.swift */,
				A40B77552C05ABDD00F3949A /* Main.storyboard */,
				A40B77582C05ABDE00F3949A /* Assets.xcassets */,
				A40B775A2C05ABDE00F3949A /* LaunchScreen.storyboard */,
				A40B775D2C05ABDE00F3949A /* Info.plist */,
			);
			path = learn_data;
			sourceTree = "<group>";
		};
		A40B77652C05B45800F3949A /* Model */ = {
			isa = PBXGroup;
			children = (
				A40B77632C05B44C00F3949A /* Character.swift */,
			);
			path = Model;
			sourceTree = "<group>";
		};
		A40B77662C05B8DB00F3949A /* Resources */ = {
			isa = PBXGroup;
			children = (
				A40B77672C05B8ED00F3949A /* JSON */,
			);
			path = Resources;
			sourceTree = "<group>";
		};
		A40B77672C05B8ED00F3949A /* JSON */ = {
			isa = PBXGroup;
			children = (
				A40B77682C05B91800F3949A /* Characters.json */,
			);
			path = JSON;
			sourceTree = "<group>";
		};
		A40B776C2C05BB3800F3949A /* Utility */ = {
			isa = PBXGroup;
			children = (
				A40B776A2C05BA3400F3949A /* CharacterDecoder.swift */,
			);
			path = Utility;
			sourceTree = "<group>";
		};
/* End PBXGroup section */

/* Begin PBXNativeTarget section */
		A40B774B2C05ABDD00F3949A /* learn_data */ = {
			isa = PBXNativeTarget;
			buildConfigurationList = A40B77602C05ABDE00F3949A /* Build configuration list for PBXNativeTarget "learn_data" */;
			buildPhases = (
				A40B77482C05ABDD00F3949A /* Sources */,
				A40B77492C05ABDD00F3949A /* Frameworks */,
				A40B774A2C05ABDD00F3949A /* Resources */,
			);
			buildRules = (
			);
			dependencies = (
			);
			name = learn_data;
			productName = learn_data;
			productReference = A40B774C2C05ABDD00F3949A /* learn_data.app */;
			productType = "com.apple.product-type.application";
		};
/* End PBXNativeTarget section */

/* Begin PBXProject section */
		A40B77442C05ABDD00F3949A /* Project object */ = {
			isa = PBXProject;
			attributes = {
				BuildIndependentTargetsInParallel = 1;
				LastSwiftUpdateCheck = 1530;
				LastUpgradeCheck = 1530;
				TargetAttributes = {
					A40B774B2C05ABDD00F3949A = {
						CreatedOnToolsVersion = 15.3;
					};
				};
			};
			buildConfigurationList = A40B77472C05ABDD00F3949A /* Build configuration list for PBXProject "learn_data" */;
			compatibilityVersion = "Xcode 14.0";
			developmentRegion = en;
			hasScannedForEncodings = 0;
			knownRegions = (
				en,
				Base,
			);
			mainGroup = A40B77432C05ABDD00F3949A;
			productRefGroup = A40B774D2C05ABDD00F3949A /* Products */;
			projectDirPath = "";
			projectRoot = "";
			targets = (
				A40B774B2C05ABDD00F3949A /* learn_data */,
			);
		};
/* End PBXProject section */

/* Begin PBXResourcesBuildPhase section */
		A40B774A2C05ABDD00F3949A /* Resources */ = {
			isa = PBXResourcesBuildPhase;
			buildActionMask = 2147483647;
			files = (
				A40B77592C05ABDE00F3949A /* Assets.xcassets in Resources */,
				A40B775C2C05ABDE00F3949A /* Base in Resources */,
				A40B77692C05B91800F3949A /* Characters.json in Resources */,
				A40B77572C05ABDD00F3949A /* Base in Resources */,
			);
			runOnlyForDeploymentPostprocessing = 0;
		};
/* End PBXResourcesBuildPhase section */

/* Begin PBXSourcesBuildPhase section */
		A40B77482C05ABDD00F3949A /* Sources */ = {
			isa = PBXSourcesBuildPhase;
			buildActionMask = 2147483647;
			files = (
				A40B776B2C05BA3400F3949A /* CharacterDecoder.swift in Sources */,
				A40B77542C05ABDD00F3949A /* ViewController.swift in Sources */,
				A40B77502C05ABDD00F3949A /* AppDelegate.swift in Sources */,
				A40B77522C05ABDD00F3949A /* SceneDelegate.swift in Sources */,
				A40B77642C05B44C00F3949A /* Character.swift in Sources */,
			);
			runOnlyForDeploymentPostprocessing = 0;
		};
/* End PBXSourcesBuildPhase section */

/* Begin PBXVariantGroup section */
		A40B77552C05ABDD00F3949A /* Main.storyboard */ = {
			isa = PBXVariantGroup;
			children = (
				A40B77562C05ABDD00F3949A /* Base */,
			);
			name = Main.storyboard;
			sourceTree = "<group>";
		};
		A40B775A2C05ABDE00F3949A /* LaunchScreen.storyboard */ = {
			isa = PBXVariantGroup;
			children = (
				A40B775B2C05ABDE00F3949A /* Base */,
			);
			name = LaunchScreen.storyboard;
			sourceTree = "<group>";
		};
/* End PBXVariantGroup section */

/* Begin XCBuildConfiguration section */
		A40B775E2C05ABDE00F3949A /* Debug */ = {
			isa = XCBuildConfiguration;
			buildSettings = {
				ALWAYS_SEARCH_USER_PATHS = NO;
				ASSETCATALOG_COMPILER_GENERATE_SWIFT_ASSET_SYMBOL_EXTENSIONS = YES;
				CLANG_ANALYZER_NONNULL = YES;
				CLANG_ANALYZER_NUMBER_OBJECT_CONVERSION = YES_AGGRESSIVE;
				CLANG_CXX_LANGUAGE_STANDARD = "gnu++20";
				CLANG_ENABLE_MODULES = YES;
				CLANG_ENABLE_OBJC_ARC = YES;
				CLANG_ENABLE_OBJC_WEAK = YES;
				CLANG_WARN_BLOCK_CAPTURE_AUTORELEASING = YES;
				CLANG_WARN_BOOL_CONVERSION = YES;
				CLANG_WARN_COMMA = YES;
				CLANG_WARN_CONSTANT_CONVERSION = YES;
				CLANG_WARN_DEPRECATED_OBJC_IMPLEMENTATIONS = YES;
				CLANG_WARN_DIRECT_OBJC_ISA_USAGE = YES_ERROR;
				CLANG_WARN_DOCUMENTATION_COMMENTS = YES;
				CLANG_WARN_EMPTY_BODY = YES;
				CLANG_WARN_ENUM_CONVERSION = YES;
				CLANG_WARN_INFINITE_RECURSION = YES;
				CLANG_WARN_INT_CONVERSION = YES;
				CLANG_WARN_NON_LITERAL_NULL_CONVERSION = YES;
				CLANG_WARN_OBJC_IMPLICIT_RETAIN_SELF = YES;
				CLANG_WARN_OBJC_LITERAL_CONVERSION = YES;
				CLANG_WARN_OBJC_ROOT_CLASS = YES_ERROR;
				CLANG_WARN_QUOTED_INCLUDE_IN_FRAMEWORK_HEADER = YES;
				CLANG_WARN_RANGE_LOOP_ANALYSIS = YES;
				CLANG_WARN_STRICT_PROTOTYPES = YES;
				CLANG_WARN_SUSPICIOUS_MOVE = YES;
				CLANG_WARN_UNGUARDED_AVAILABILITY = YES_AGGRESSIVE;
				CLANG_WARN_UNREACHABLE_CODE = YES;
				CLANG_WARN__DUPLICATE_METHOD_MATCH = YES;
				COPY_PHASE_STRIP = NO;
				DEBUG_INFORMATION_FORMAT = dwarf;
				ENABLE_STRICT_OBJC_MSGSEND = YES;
				ENABLE_TESTABILITY = YES;
				ENABLE_USER_SCRIPT_SANDBOXING = YES;
				GCC_C_LANGUAGE_STANDARD = gnu17;
				GCC_DYNAMIC_NO_PIC = NO;
				GCC_NO_COMMON_BLOCKS = YES;
				GCC_OPTIMIZATION_LEVEL = 0;
				GCC_PREPROCESSOR_DEFINITIONS = (
					"DEBUG=1",
					"$(inherited)",
				);
				GCC_WARN_64_TO_32_BIT_CONVERSION = YES;
				GCC_WARN_ABOUT_RETURN_TYPE = YES_ERROR;
				GCC_WARN_UNDECLARED_SELECTOR = YES;
				GCC_WARN_UNINITIALIZED_AUTOS = YES_AGGRESSIVE;
				GCC_WARN_UNUSED_FUNCTION = YES;
				GCC_WARN_UNUSED_VARIABLE = YES;
				IPHONEOS_DEPLOYMENT_TARGET = 17.4;
				LOCALIZATION_PREFERS_STRING_CATALOGS = YES;
				MTL_ENABLE_DEBUG_INFO = INCLUDE_SOURCE;
				MTL_FAST_MATH = YES;
				ONLY_ACTIVE_ARCH = YES;
				SDKROOT = iphoneos;
				SWIFT_ACTIVE_COMPILATION_CONDITIONS = "DEBUG $(inherited)";
				SWIFT_OPTIMIZATION_LEVEL = "-Onone";
			};
			name = Debug;
		};
		A40B775F2C05ABDE00F3949A /* Release */ = {
			isa = XCBuildConfiguration;
			buildSettings = {
				ALWAYS_SEARCH_USER_PATHS = NO;
				ASSETCATALOG_COMPILER_GENERATE_SWIFT_ASSET_SYMBOL_EXTENSIONS = YES;
				CLANG_ANALYZER_NONNULL = YES;
				CLANG_ANALYZER_NUMBER_OBJECT_CONVERSION = YES_AGGRESSIVE;
				CLANG_CXX_LANGUAGE_STANDARD = "gnu++20";
				CLANG_ENABLE_MODULES = YES;
				CLANG_ENABLE_OBJC_ARC = YES;
				CLANG_ENABLE_OBJC_WEAK = YES;
				CLANG_WARN_BLOCK_CAPTURE_AUTORELEASING = YES;
				CLANG_WARN_BOOL_CONVERSION = YES;
				CLANG_WARN_COMMA = YES;
				CLANG_WARN_CONSTANT_CONVERSION = YES;
				CLANG_WARN_DEPRECATED_OBJC_IMPLEMENTATIONS = YES;
				CLANG_WARN_DIRECT_OBJC_ISA_USAGE = YES_ERROR;
				CLANG_WARN_DOCUMENTATION_COMMENTS = YES;
				CLANG_WARN_EMPTY_BODY = YES;
				CLANG_WARN_ENUM_CONVERSION = YES;
				CLANG_WARN_INFINITE_RECURSION = YES;
				CLANG_WARN_INT_CONVERSION = YES;
				CLANG_WARN_NON_LITERAL_NULL_CONVERSION = YES;
				CLANG_WARN_OBJC_IMPLICIT_RETAIN_SELF = YES;
				CLANG_WARN_OBJC_LITERAL_CONVERSION = YES;
				CLANG_WARN_OBJC_ROOT_CLASS = YES_ERROR;
				CLANG_WARN_QUOTED_INCLUDE_IN_FRAMEWORK_HEADER = YES;
				CLANG_WARN_RANGE_LOOP_ANALYSIS = YES;
				CLANG_WARN_STRICT_PROTOTYPES = YES;
				CLANG_WARN_SUSPICIOUS_MOVE = YES;
				CLANG_WARN_UNGUARDED_AVAILABILITY = YES_AGGRESSIVE;
				CLANG_WARN_UNREACHABLE_CODE = YES;
				CLANG_WARN__DUPLICATE_METHOD_MATCH = YES;
				COPY_PHASE_STRIP = NO;
				DEBUG_INFORMATION_FORMAT = "dwarf-with-dsym";
				ENABLE_NS_ASSERTIONS = NO;
				ENABLE_STRICT_OBJC_MSGSEND = YES;
				ENABLE_USER_SCRIPT_SANDBOXING = YES;
				GCC_C_LANGUAGE_STANDARD = gnu17;
				GCC_NO_COMMON_BLOCKS = YES;
				GCC_WARN_64_TO_32_BIT_CONVERSION = YES;
				GCC_WARN_ABOUT_RETURN_TYPE = YES_ERROR;
				GCC_WARN_UNDECLARED_SELECTOR = YES;
				GCC_WARN_UNINITIALIZED_AUTOS = YES_AGGRESSIVE;
				GCC_WARN_UNUSED_FUNCTION = YES;
				GCC_WARN_UNUSED_VARIABLE = YES;
				IPHONEOS_DEPLOYMENT_TARGET = 17.4;
				LOCALIZATION_PREFERS_STRING_CATALOGS = YES;
				MTL_ENABLE_DEBUG_INFO = NO;
				MTL_FAST_MATH = YES;
				SDKROOT = iphoneos;
				SWIFT_COMPILATION_MODE = wholemodule;
				VALIDATE_PRODUCT = YES;
			};
			name = Release;
		};
		A40B77612C05ABDE00F3949A /* Debug */ = {
			isa = XCBuildConfiguration;
			buildSettings = {
				ASSETCATALOG_COMPILER_APPICON_NAME = AppIcon;
				ASSETCATALOG_COMPILER_GLOBAL_ACCENT_COLOR_NAME = AccentColor;
				CODE_SIGN_STYLE = Automatic;
				CURRENT_PROJECT_VERSION = 1;
				DEVELOPMENT_TEAM = 55KCZFRD2D;
				GENERATE_INFOPLIST_FILE = YES;
				INFOPLIST_FILE = learn_data/Info.plist;
				INFOPLIST_KEY_UIApplicationSupportsIndirectInputEvents = YES;
				INFOPLIST_KEY_UILaunchStoryboardName = LaunchScreen;
				INFOPLIST_KEY_UIMainStoryboardFile = Main;
				INFOPLIST_KEY_UISupportedInterfaceOrientations_iPad = "UIInterfaceOrientationPortrait UIInterfaceOrientationPortraitUpsideDown UIInterfaceOrientationLandscapeLeft UIInterfaceOrientationLandscapeRight";
				INFOPLIST_KEY_UISupportedInterfaceOrientations_iPhone = "UIInterfaceOrientationPortrait UIInterfaceOrientationLandscapeLeft UIInterfaceOrientationLandscapeRight";
				LD_RUNPATH_SEARCH_PATHS = (
					"$(inherited)",
					"@executable_path/Frameworks",
				);
				MARKETING_VERSION = 1.0;
				PRODUCT_BUNDLE_IDENTIFIER = "hirotoTaniguchi.learnData.learn-data";
				PRODUCT_NAME = "$(TARGET_NAME)";
				SWIFT_EMIT_LOC_STRINGS = YES;
				SWIFT_VERSION = 5.0;
				TARGETED_DEVICE_FAMILY = "1,2";
			};
			name = Debug;
		};
		A40B77622C05ABDE00F3949A /* Release */ = {
			isa = XCBuildConfiguration;
			buildSettings = {
				ASSETCATALOG_COMPILER_APPICON_NAME = AppIcon;
				ASSETCATALOG_COMPILER_GLOBAL_ACCENT_COLOR_NAME = AccentColor;
				CODE_SIGN_STYLE = Automatic;
				CURRENT_PROJECT_VERSION = 1;
				DEVELOPMENT_TEAM = 55KCZFRD2D;
				GENERATE_INFOPLIST_FILE = YES;
				INFOPLIST_FILE = learn_data/Info.plist;
				INFOPLIST_KEY_UIApplicationSupportsIndirectInputEvents = YES;
				INFOPLIST_KEY_UILaunchStoryboardName = LaunchScreen;
				INFOPLIST_KEY_UIMainStoryboardFile = Main;
				INFOPLIST_KEY_UISupportedInterfaceOrientations_iPad = "UIInterfaceOrientationPortrait UIInterfaceOrientationPortraitUpsideDown UIInterfaceOrientationLandscapeLeft UIInterfaceOrientationLandscapeRight";
				INFOPLIST_KEY_UISupportedInterfaceOrientations_iPhone = "UIInterfaceOrientationPortrait UIInterfaceOrientationLandscapeLeft UIInterfaceOrientationLandscapeRight";
				LD_RUNPATH_SEARCH_PATHS = (
					"$(inherited)",
					"@executable_path/Frameworks",
				);
				MARKETING_VERSION = 1.0;
				PRODUCT_BUNDLE_IDENTIFIER = "hirotoTaniguchi.learnData.learn-data";
				PRODUCT_NAME = "$(TARGET_NAME)";
				SWIFT_EMIT_LOC_STRINGS = YES;
				SWIFT_VERSION = 5.0;
				TARGETED_DEVICE_FAMILY = "1,2";
			};
			name = Release;
		};
/* End XCBuildConfiguration section */

/* Begin XCConfigurationList section */
		A40B77472C05ABDD00F3949A /* Build configuration list for PBXProject "learn_data" */ = {
			isa = XCConfigurationList;
			buildConfigurations = (
				A40B775E2C05ABDE00F3949A /* Debug */,
				A40B775F2C05ABDE00F3949A /* Release */,
			);
			defaultConfigurationIsVisible = 0;
			defaultConfigurationName = Release;
		};
		A40B77602C05ABDE00F3949A /* Build configuration list for PBXNativeTarget "learn_data" */ = {
			isa = XCConfigurationList;
			buildConfigurations = (
				A40B77612C05ABDE00F3949A /* Debug */,
				A40B77622C05ABDE00F3949A /* Release */,
			);
			defaultConfigurationIsVisible = 0;
			defaultConfigurationName = Release;
		};
/* End XCConfigurationList section */
	};
	rootObject = A40B77442C05ABDD00F3949A /* Project object */;
}
